
Microsoft Visual Studio Solution File, Format Version 12.00
# Visual Studio 14
VisualStudioVersion = 14.0.25420.1
MinimumVisualStudioVersion = 10.0.40219.1
Project("{FAE04EC0-301F-11D3-BF4B-00C04F79EFBC}") = "EasySoft.PssS.Web", "EasySoft.PssS.Web\EasySoft.PssS.Web.csproj", "{80EA5B61-E2DD-4250-A2BB-D2CC7F445D2C}"
EndProject
Project("{FAE04EC0-301F-11D3-BF4B-00C04F79EFBC}") = "EasySoft.PssS.Repository", "EasySoft.PssS.Repository\EasySoft.PssS.Repository.csproj", "{C280CD59-A92F-462E-B31C-71D45249FE5D}"
EndProject
Project("{FAE04EC0-301F-11D3-BF4B-00C04F79EFBC}") = "EasySoft.PssS.Domain.Entity", "EasySoft.PssS.Domain.Entity\EasySoft.PssS.Domain.Entity.csproj", "{7E7215BD-421B-4126-98C2-4E469114EFE5}"
EndProject
Project("{FAE04EC0-301F-11D3-BF4B-00C04F79EFBC}") = "EasySoft.PssS.Domain.ValueObject", "EasySoft.PssS.Domain.ValueObject\EasySoft.PssS.Domain.ValueObject.csproj", "{5E07DBAE-0B02-44B9-AAEF-191F08E07C12}"
EndProject
Project("{FAE04EC0-301F-11D3-BF4B-00C04F79EFBC}") = "EasySoft.PssS.Domain.Service", "EasySoft.PssS.Domain.Service\EasySoft.PssS.Domain.Service.csproj", "{645C985B-60AE-4B85-95B0-552FF0CDC1CA}"
EndProject
Project("{FAE04EC0-301F-11D3-BF4B-00C04F79EFBC}") = "EasySoft.PssS.XmlRepository", "EasySoft.PssS.XmlRepository\EasySoft.PssS.XmlRepository.csproj", "{B34B32FB-4C36-4763-B013-5B6FD9358194}"
EndProject
Project("{FAE04EC0-301F-11D3-BF4B-00C04F79EFBC}") = "EasySoft.PssS.DbRepository", "EasySoft.PssS.DbRepository\EasySoft.PssS.DbRepository.csproj", "{4376B3E1-97A7-49D3-9AE5-04ABCE55FAD7}"
EndProject
Project("{FAE04EC0-301F-11D3-BF4B-00C04F79EFBC}") = "EasySoft.Core.Persistence", "EasySoft.Core.Persistence\EasySoft.Core.Persistence.csproj", "{743EEA0E-C40A-42FC-9CDA-33597F050F38}"
EndProject
Project("{FAE04EC0-301F-11D3-BF4B-00C04F79EFBC}") = "EasySoft.Core.Util", "EasySoft.Core.Util\EasySoft.Core.Util.csproj", "{AEBBCF64-AC18-4890-93CB-3597FDC43DB0}"
EndProject
Project("{FAE04EC0-301F-11D3-BF4B-00C04F79EFBC}") = "EasySoft.Core.Persistence.Repository", "EasySoft.Core.Persistence.Repository\EasySoft.Core.Persistence.Repository.csproj", "{756B3972-C3B1-4B69-9213-771FBF66DF8B}"
EndProject
Project("{FAE04EC0-301F-11D3-BF4B-00C04F79EFBC}") = "EasySoft.Core.Persistence.RepositoryImplement", "EasySoft.Core.Persistence.RepositoryImplement\EasySoft.Core.Persistence.RepositoryImplement.csproj", "{AF986694-C4BA-4733-BB57-48F2B4468A76}"
EndProject
Global
	GlobalSection(SolutionConfigurationPlatforms) = preSolution
		Debug|Any CPU = Debug|Any CPU
		Release|Any CPU = Release|Any CPU
	EndGlobalSection
	GlobalSection(ProjectConfigurationPlatforms) = postSolution
		{80EA5B61-E2DD-4250-A2BB-D2CC7F445D2C}.Debug|Any CPU.ActiveCfg = Debug|Any CPU
		{80EA5B61-E2DD-4250-A2BB-D2CC7F445D2C}.Debug|Any CPU.Build.0 = Debug|Any CPU
		{80EA5B61-E2DD-4250-A2BB-D2CC7F445D2C}.Release|Any CPU.ActiveCfg = Release|Any CPU
		{80EA5B61-E2DD-4250-A2BB-D2CC7F445D2C}.Release|Any CPU.Build.0 = Release|Any CPU
		{C280CD59-A92F-462E-B31C-71D45249FE5D}.Debug|Any CPU.ActiveCfg = Debug|Any CPU
		{C280CD59-A92F-462E-B31C-71D45249FE5D}.Debug|Any CPU.Build.0 = Debug|Any CPU
		{C280CD59-A92F-462E-B31C-71D45249FE5D}.Release|Any CPU.ActiveCfg = Release|Any CPU
		{C280CD59-A92F-462E-B31C-71D45249FE5D}.Release|Any CPU.Build.0 = Release|Any CPU
		{7E7215BD-421B-4126-98C2-4E469114EFE5}.Debug|Any CPU.ActiveCfg = Debug|Any CPU
		{7E7215BD-421B-4126-98C2-4E469114EFE5}.Debug|Any CPU.Build.0 = Debug|Any CPU
		{7E7215BD-421B-4126-98C2-4E469114EFE5}.Release|Any CPU.ActiveCfg = Release|Any CPU
		{7E7215BD-421B-4126-98C2-4E469114EFE5}.Release|Any CPU.Build.0 = Release|Any CPU
		{5E07DBAE-0B02-44B9-AAEF-191F08E07C12}.Debug|Any CPU.ActiveCfg = Debug|Any CPU
		{5E07DBAE-0B02-44B9-AAEF-191F08E07C12}.Debug|Any CPU.Build.0 = Debug|Any CPU
		{5E07DBAE-0B02-44B9-AAEF-191F08E07C12}.Release|Any CPU.ActiveCfg = Release|Any CPU
		{5E07DBAE-0B02-44B9-AAEF-191F08E07C12}.Release|Any CPU.Build.0 = Release|Any CPU
		{645C985B-60AE-4B85-95B0-552FF0CDC1CA}.Debug|Any CPU.ActiveCfg = Debug|Any CPU
		{645C985B-60AE-4B85-95B0-552FF0CDC1CA}.Debug|Any CPU.Build.0 = Debug|Any CPU
		{645C985B-60AE-4B85-95B0-552FF0CDC1CA}.Release|Any CPU.ActiveCfg = Release|Any CPU
		{645C985B-60AE-4B85-95B0-552FF0CDC1CA}.Release|Any CPU.Build.0 = Release|Any CPU
		{B34B32FB-4C36-4763-B013-5B6FD9358194}.Debug|Any CPU.ActiveCfg = Debug|Any CPU
		{B34B32FB-4C36-4763-B013-5B6FD9358194}.Debug|Any CPU.Build.0 = Debug|Any CPU
		{B34B32FB-4C36-4763-B013-5B6FD9358194}.Release|Any CPU.ActiveCfg = Release|Any CPU
		{B34B32FB-4C36-4763-B013-5B6FD9358194}.Release|Any CPU.Build.0 = Release|Any CPU
		{4376B3E1-97A7-49D3-9AE5-04ABCE55FAD7}.Debug|Any CPU.ActiveCfg = Debug|Any CPU
		{4376B3E1-97A7-49D3-9AE5-04ABCE55FAD7}.Debug|Any CPU.Build.0 = Debug|Any CPU
		{4376B3E1-97A7-49D3-9AE5-04ABCE55FAD7}.Release|Any CPU.ActiveCfg = Release|Any CPU
		{4376B3E1-97A7-49D3-9AE5-04ABCE55FAD7}.Release|Any CPU.Build.0 = Release|Any CPU
		{743EEA0E-C40A-42FC-9CDA-33597F050F38}.Debug|Any CPU.ActiveCfg = Debug|Any CPU
		{743EEA0E-C40A-42FC-9CDA-33597F050F38}.Debug|Any CPU.Build.0 = Debug|Any CPU
		{743EEA0E-C40A-42FC-9CDA-33597F050F38}.Release|Any CPU.ActiveCfg = Release|Any CPU
		{743EEA0E-C40A-42FC-9CDA-33597F050F38}.Release|Any CPU.Build.0 = Release|Any CPU
		{AEBBCF64-AC18-4890-93CB-3597FDC43DB0}.Debug|Any CPU.ActiveCfg = Debug|Any CPU
		{AEBBCF64-AC18-4890-93CB-3597FDC43DB0}.Debug|Any CPU.Build.0 = Debug|Any CPU
		{AEBBCF64-AC18-4890-93CB-3597FDC43DB0}.Release|Any CPU.ActiveCfg = Release|Any CPU
		{AEBBCF64-AC18-4890-93CB-3597FDC43DB0}.Release|Any CPU.Build.0 = Release|Any CPU
		{756B3972-C3B1-4B69-9213-771FBF66DF8B}.Debug|Any CPU.ActiveCfg = Debug|Any CPU
		{756B3972-C3B1-4B69-9213-771FBF66DF8B}.Debug|Any CPU.Build.0 = Debug|Any CPU
		{756B3972-C3B1-4B69-9213-771FBF66DF8B}.Release|Any CPU.ActiveCfg = Release|Any CPU
		{756B3972-C3B1-4B69-9213-771FBF66DF8B}.Release|Any CPU.Build.0 = Release|Any CPU
		{AF986694-C4BA-4733-BB57-48F2B4468A76}.Debug|Any CPU.ActiveCfg = Debug|Any CPU
		{AF986694-C4BA-4733-BB57-48F2B4468A76}.Debug|Any CPU.Build.0 = Debug|Any CPU
		{AF986694-C4BA-4733-BB57-48F2B4468A76}.Release|Any CPU.ActiveCfg = Release|Any CPU
		{AF986694-C4BA-4733-BB57-48F2B4468A76}.Release|Any CPU.Build.0 = Release|Any CPU
	EndGlobalSection
	GlobalSection(SolutionProperties) = preSolution
		HideSolutionNode = FALSE
	EndGlobalSection
EndGlobal
